// !$*UTF8*$!
{
	archiveVersion = 1;
	classes = {
	};
	objectVersion = 51;
	objects = {

/* Begin PBXBuildFile section */
		0406C739235E1E6A007C5030 /* SendMessageViewController.swift in Sources */ = {isa = PBXBuildFile; fileRef = 0406C738235E1E6A007C5030 /* SendMessageViewController.swift */; };
		0406C73D235ED8F7007C5030 /* ThankuViewController.swift in Sources */ = {isa = PBXBuildFile; fileRef = 0406C73C235ED8F7007C5030 /* ThankuViewController.swift */; };
		041ABEAA233A9A7100135F6F /* ViewControllerExtension.swift in Sources */ = {isa = PBXBuildFile; fileRef = 041ABEA9233A9A7100135F6F /* ViewControllerExtension.swift */; };
		04354DF22338F4B5007EDE2F /* AppDelegate.swift in Sources */ = {isa = PBXBuildFile; fileRef = 04354DF12338F4B5007EDE2F /* AppDelegate.swift */; };
		04354DF42338F4B5007EDE2F /* SceneDelegate.swift in Sources */ = {isa = PBXBuildFile; fileRef = 04354DF32338F4B5007EDE2F /* SceneDelegate.swift */; };
		04354DF62338F4B5007EDE2F /* ViewController.swift in Sources */ = {isa = PBXBuildFile; fileRef = 04354DF52338F4B5007EDE2F /* ViewController.swift */; };
		04354DF92338F4B5007EDE2F /* Main.storyboard in Resources */ = {isa = PBXBuildFile; fileRef = 04354DF72338F4B5007EDE2F /* Main.storyboard */; };
		04354DFB2338F4B8007EDE2F /* Assets.xcassets in Resources */ = {isa = PBXBuildFile; fileRef = 04354DFA2338F4B8007EDE2F /* Assets.xcassets */; };
		04354DFE2338F4B8007EDE2F /* LaunchScreen.storyboard in Resources */ = {isa = PBXBuildFile; fileRef = 04354DFC2338F4B8007EDE2F /* LaunchScreen.storyboard */; };
		0435A35C233BF27F00F41B34 /* Enums.swift in Sources */ = {isa = PBXBuildFile; fileRef = 0435A35B233BF27F00F41B34 /* Enums.swift */; };
		044329CC236809B500211E01 /* File.swift in Sources */ = {isa = PBXBuildFile; fileRef = 044329CB236809B500211E01 /* File.swift */; };
		0444FC5F2362D117008D1B8E /* Event.swift in Sources */ = {isa = PBXBuildFile; fileRef = 0444FC5E2362D117008D1B8E /* Event.swift */; };
		04685596233C848500E1334A /* EventListViewController.swift in Sources */ = {isa = PBXBuildFile; fileRef = 04685595233C848500E1334A /* EventListViewController.swift */; };
		046E1B53234D1B68002FF1BC /* EventDetailViewController.swift in Sources */ = {isa = PBXBuildFile; fileRef = 046E1B52234D1B68002FF1BC /* EventDetailViewController.swift */; };
		047602C623428EB30002EAA7 /* EventTableViewCell.swift in Sources */ = {isa = PBXBuildFile; fileRef = 047602C523428EB30002EAA7 /* EventTableViewCell.swift */; };
		04885E38235F89C700335D8F /* ProfileViewController.swift in Sources */ = {isa = PBXBuildFile; fileRef = 04885E37235F89C700335D8F /* ProfileViewController.swift */; };
		08D8644C1D7E270BA945FDC8 /* Pods_Trainer.framework in Frameworks */ = {isa = PBXBuildFile; fileRef = 5AB66CB2FFC27A015CB3E6A6 /* Pods_Trainer.framework */; };
/* End PBXBuildFile section */

/* Begin PBXFileReference section */
		0406C738235E1E6A007C5030 /* SendMessageViewController.swift */ = {isa = PBXFileReference; lastKnownFileType = sourcecode.swift; path = SendMessageViewController.swift; sourceTree = "<group>"; };
		0406C73C235ED8F7007C5030 /* ThankuViewController.swift */ = {isa = PBXFileReference; lastKnownFileType = sourcecode.swift; path = ThankuViewController.swift; sourceTree = "<group>"; };
		041ABEA9233A9A7100135F6F /* ViewControllerExtension.swift */ = {isa = PBXFileReference; lastKnownFileType = sourcecode.swift; path = ViewControllerExtension.swift; sourceTree = "<group>"; };
		04354DEE2338F4B5007EDE2F /* Trainer.app */ = {isa = PBXFileReference; explicitFileType = wrapper.application; includeInIndex = 0; path = Trainer.app; sourceTree = BUILT_PRODUCTS_DIR; };
		04354DF12338F4B5007EDE2F /* AppDelegate.swift */ = {isa = PBXFileReference; lastKnownFileType = sourcecode.swift; path = AppDelegate.swift; sourceTree = "<group>"; };
		04354DF32338F4B5007EDE2F /* SceneDelegate.swift */ = {isa = PBXFileReference; lastKnownFileType = sourcecode.swift; path = SceneDelegate.swift; sourceTree = "<group>"; };
		04354DF52338F4B5007EDE2F /* ViewController.swift */ = {isa = PBXFileReference; lastKnownFileType = sourcecode.swift; path = ViewController.swift; sourceTree = "<group>"; };
		04354DF82338F4B5007EDE2F /* Base */ = {isa = PBXFileReference; lastKnownFileType = file.storyboard; name = Base; path = Base.lproj/Main.storyboard; sourceTree = "<group>"; };
		04354DFA2338F4B8007EDE2F /* Assets.xcassets */ = {isa = PBXFileReference; lastKnownFileType = folder.assetcatalog; path = Assets.xcassets; sourceTree = "<group>"; };
		04354DFD2338F4B8007EDE2F /* Base */ = {isa = PBXFileReference; lastKnownFileType = file.storyboard; name = Base; path = Base.lproj/LaunchScreen.storyboard; sourceTree = "<group>"; };
		04354DFF2338F4B8007EDE2F /* Info.plist */ = {isa = PBXFileReference; lastKnownFileType = text.plist.xml; path = Info.plist; sourceTree = "<group>"; };
		0435A35B233BF27F00F41B34 /* Enums.swift */ = {isa = PBXFileReference; lastKnownFileType = sourcecode.swift; path = Enums.swift; sourceTree = "<group>"; };
		044329CB236809B500211E01 /* File.swift */ = {isa = PBXFileReference; lastKnownFileType = sourcecode.swift; path = File.swift; sourceTree = "<group>"; };
		0444FC5E2362D117008D1B8E /* Event.swift */ = {isa = PBXFileReference; lastKnownFileType = sourcecode.swift; path = Event.swift; sourceTree = "<group>"; };
		04685595233C848500E1334A /* EventListViewController.swift */ = {isa = PBXFileReference; lastKnownFileType = sourcecode.swift; path = EventListViewController.swift; sourceTree = "<group>"; };
		046E1B52234D1B68002FF1BC /* EventDetailViewController.swift */ = {isa = PBXFileReference; lastKnownFileType = sourcecode.swift; path = EventDetailViewController.swift; sourceTree = "<group>"; };
		047602C523428EB30002EAA7 /* EventTableViewCell.swift */ = {isa = PBXFileReference; lastKnownFileType = sourcecode.swift; path = EventTableViewCell.swift; sourceTree = "<group>"; };
		04885E37235F89C700335D8F /* ProfileViewController.swift */ = {isa = PBXFileReference; lastKnownFileType = sourcecode.swift; path = ProfileViewController.swift; sourceTree = "<group>"; };
		04A738472366C01C00188A3B /* Trainer.entitlements */ = {isa = PBXFileReference; lastKnownFileType = text.plist.entitlements; path = Trainer.entitlements; sourceTree = "<group>"; };
		5AB66CB2FFC27A015CB3E6A6 /* Pods_Trainer.framework */ = {isa = PBXFileReference; explicitFileType = wrapper.framework; includeInIndex = 0; path = Pods_Trainer.framework; sourceTree = BUILT_PRODUCTS_DIR; };
		881AFD61B46EC870518BBDD8 /* Pods-Trainer.debug.xcconfig */ = {isa = PBXFileReference; includeInIndex = 1; lastKnownFileType = text.xcconfig; name = "Pods-Trainer.debug.xcconfig"; path = "Target Support Files/Pods-Trainer/Pods-Trainer.debug.xcconfig"; sourceTree = "<group>"; };
		FD7D820E4037147AC6AD775E /* Pods-Trainer.release.xcconfig */ = {isa = PBXFileReference; includeInIndex = 1; lastKnownFileType = text.xcconfig; name = "Pods-Trainer.release.xcconfig"; path = "Target Support Files/Pods-Trainer/Pods-Trainer.release.xcconfig"; sourceTree = "<group>"; };
/* End PBXFileReference section */

/* Begin PBXFrameworksBuildPhase section */
		04354DEB2338F4B5007EDE2F /* Frameworks */ = {
			isa = PBXFrameworksBuildPhase;
			buildActionMask = 2147483647;
			files = (
				08D8644C1D7E270BA945FDC8 /* Pods_Trainer.framework in Frameworks */,
			);
			runOnlyForDeploymentPostprocessing = 0;
		};
/* End PBXFrameworksBuildPhase section */

/* Begin PBXGroup section */
		0406C736235E1D09007C5030 /* Event Detail */ = {
			isa = PBXGroup;
			children = (
				046E1B52234D1B68002FF1BC /* EventDetailViewController.swift */,
			);
			path = "Event Detail";
			sourceTree = "<group>";
		};
		0406C737235E1D9F007C5030 /* SendMessageController */ = {
			isa = PBXGroup;
			children = (
				0406C738235E1E6A007C5030 /* SendMessageViewController.swift */,
			);
			path = SendMessageController;
			sourceTree = "<group>";
		};
		0406C73A235E1E9A007C5030 /* MainController */ = {
			isa = PBXGroup;
			children = (
				04354DF52338F4B5007EDE2F /* ViewController.swift */,
			);
			path = MainController;
			sourceTree = "<group>";
		};
		0406C73B235ED8CC007C5030 /* Thank Controller */ = {
			isa = PBXGroup;
			children = (
				0406C73C235ED8F7007C5030 /* ThankuViewController.swift */,
			);
			path = "Thank Controller";
			sourceTree = "<group>";
		};
		041ABEA8233A9A2700135F6F /* Extensions */ = {
			isa = PBXGroup;
			children = (
				041ABEA9233A9A7100135F6F /* ViewControllerExtension.swift */,
				0435A35B233BF27F00F41B34 /* Enums.swift */,
			);
			path = Extensions;
			sourceTree = "<group>";
		};
		04354DE52338F4B5007EDE2F = {
			isa = PBXGroup;
			children = (
				04354DF02338F4B5007EDE2F /* Trainer */,
				04354DEF2338F4B5007EDE2F /* Products */,
				AA31D2DAE0F66D476BE06024 /* Pods */,
				C89EDE397CD4E8B9A619AF4F /* Frameworks */,
			);
			sourceTree = "<group>";
		};
		04354DEF2338F4B5007EDE2F /* Products */ = {
			isa = PBXGroup;
			children = (
				04354DEE2338F4B5007EDE2F /* Trainer.app */,
			);
			name = Products;
			sourceTree = "<group>";
		};
		04354DF02338F4B5007EDE2F /* Trainer */ = {
			isa = PBXGroup;
			children = (
				04A738472366C01C00188A3B /* Trainer.entitlements */,
				044329CA2368098900211E01 /* webService */,
				0444FC5D2362D0F8008D1B8E /* Models */,
				04885E36235F89A900335D8F /* TrainerProfile */,
				0406C73B235ED8CC007C5030 /* Thank Controller */,
				0406C73A235E1E9A007C5030 /* MainController */,
				0406C737235E1D9F007C5030 /* SendMessageController */,
				0406C736235E1D09007C5030 /* Event Detail */,
				047602C423428E800002EAA7 /* Event List */,
				041ABEA8233A9A2700135F6F /* Extensions */,
				04354DF12338F4B5007EDE2F /* AppDelegate.swift */,
				04354DF32338F4B5007EDE2F /* SceneDelegate.swift */,
				04354DF72338F4B5007EDE2F /* Main.storyboard */,
				04354DFA2338F4B8007EDE2F /* Assets.xcassets */,
				04354DFC2338F4B8007EDE2F /* LaunchScreen.storyboard */,
				04354DFF2338F4B8007EDE2F /* Info.plist */,
			);
			path = Trainer;
			sourceTree = "<group>";
		};
		044329CA2368098900211E01 /* webService */ = {
			isa = PBXGroup;
			children = (
				044329CB236809B500211E01 /* File.swift */,
			);
			path = webService;
			sourceTree = "<group>";
		};
		0444FC5D2362D0F8008D1B8E /* Models */ = {
			isa = PBXGroup;
			children = (
				0444FC5E2362D117008D1B8E /* Event.swift */,
			);
			path = Models;
			sourceTree = "<group>";
		};
		047602C423428E800002EAA7 /* Event List */ = {
			isa = PBXGroup;
			children = (
				04685595233C848500E1334A /* EventListViewController.swift */,
				047602C523428EB30002EAA7 /* EventTableViewCell.swift */,
			);
			path = "Event List";
			sourceTree = "<group>";
		};
		04885E36235F89A900335D8F /* TrainerProfile */ = {
			isa = PBXGroup;
			children = (
				04885E37235F89C700335D8F /* ProfileViewController.swift */,
			);
			path = TrainerProfile;
			sourceTree = "<group>";
		};
		AA31D2DAE0F66D476BE06024 /* Pods */ = {
			isa = PBXGroup;
			children = (
				881AFD61B46EC870518BBDD8 /* Pods-Trainer.debug.xcconfig */,
				FD7D820E4037147AC6AD775E /* Pods-Trainer.release.xcconfig */,
			);
			path = Pods;
			sourceTree = "<group>";
		};
		C89EDE397CD4E8B9A619AF4F /* Frameworks */ = {
			isa = PBXGroup;
			children = (
				5AB66CB2FFC27A015CB3E6A6 /* Pods_Trainer.framework */,
			);
			name = Frameworks;
			sourceTree = "<group>";
		};
/* End PBXGroup section */

/* Begin PBXNativeTarget section */
		04354DED2338F4B5007EDE2F /* Trainer */ = {
			isa = PBXNativeTarget;
			buildConfigurationList = 04354E022338F4B8007EDE2F /* Build configuration list for PBXNativeTarget "Trainer" */;
			buildPhases = (
				FE229352A138DDE2CD483616 /* [CP] Check Pods Manifest.lock */,
				04354DEA2338F4B5007EDE2F /* Sources */,
				04354DEB2338F4B5007EDE2F /* Frameworks */,
				04354DEC2338F4B5007EDE2F /* Resources */,
				7BBE2F434FA4396F7BE59CD0 /* [CP] Embed Pods Frameworks */,
			);
			buildRules = (
			);
			dependencies = (
			);
			name = Trainer;
			productName = Trainer;
			productReference = 04354DEE2338F4B5007EDE2F /* Trainer.app */;
			productType = "com.apple.product-type.application";
		};
/* End PBXNativeTarget section */

/* Begin PBXProject section */
		04354DE62338F4B5007EDE2F /* Project object */ = {
			isa = PBXProject;
			attributes = {
				LastSwiftUpdateCheck = 1100;
				LastUpgradeCheck = 1100;
				ORGANIZATIONNAME = "Bills Mac";
				TargetAttributes = {
					04354DED2338F4B5007EDE2F = {
						CreatedOnToolsVersion = 11.0;
					};
				};
			};
			buildConfigurationList = 04354DE92338F4B5007EDE2F /* Build configuration list for PBXProject "Trainer" */;
			compatibilityVersion = "Xcode 9.3";
			developmentRegion = en;
			hasScannedForEncodings = 0;
			knownRegions = (
				en,
				Base,
			);
			mainGroup = 04354DE52338F4B5007EDE2F;
			productRefGroup = 04354DEF2338F4B5007EDE2F /* Products */;
			projectDirPath = "";
			projectRoot = "";
			targets = (
				04354DED2338F4B5007EDE2F /* Trainer */,
			);
		};
/* End PBXProject section */

/* Begin PBXResourcesBuildPhase section */
		04354DEC2338F4B5007EDE2F /* Resources */ = {
			isa = PBXResourcesBuildPhase;
			buildActionMask = 2147483647;
			files = (
				04354DFE2338F4B8007EDE2F /* LaunchScreen.storyboard in Resources */,
				04354DFB2338F4B8007EDE2F /* Assets.xcassets in Resources */,
				04354DF92338F4B5007EDE2F /* Main.storyboard in Resources */,
			);
			runOnlyForDeploymentPostprocessing = 0;
		};
/* End PBXResourcesBuildPhase section */

/* Begin PBXShellScriptBuildPhase section */
		7BBE2F434FA4396F7BE59CD0 /* [CP] Embed Pods Frameworks */ = {
			isa = PBXShellScriptBuildPhase;
			buildActionMask = 2147483647;
			files = (
			);
			inputFileListPaths = (
				"${PODS_ROOT}/Target Support Files/Pods-Trainer/Pods-Trainer-frameworks-${CONFIGURATION}-input-files.xcfilelist",
			);
			name = "[CP] Embed Pods Frameworks";
			outputFileListPaths = (
				"${PODS_ROOT}/Target Support Files/Pods-Trainer/Pods-Trainer-frameworks-${CONFIGURATION}-output-files.xcfilelist",
			);
			runOnlyForDeploymentPostprocessing = 0;
			shellPath = /bin/sh;
			shellScript = "\"${PODS_ROOT}/Target Support Files/Pods-Trainer/Pods-Trainer-frameworks.sh\"\n";
			showEnvVarsInLog = 0;
		};
		FE229352A138DDE2CD483616 /* [CP] Check Pods Manifest.lock */ = {
			isa = PBXShellScriptBuildPhase;
			buildActionMask = 12;
			files = (
			);
			inputFileListPaths = (
			);
			inputPaths = (
				"${PODS_PODFILE_DIR_PATH}/Podfile.lock",
				"${PODS_ROOT}/Manifest.lock",
			);
			name = "[CP] Check Pods Manifest.lock";
			outputFileListPaths = (
			);
			outputPaths = (
				"$(DERIVED_FILE_DIR)/Pods-Trainer-checkManifestLockResult.txt",
			);
			runOnlyForDeploymentPostprocessing = 0;
			shellPath = /bin/sh;
			shellScript = "diff \"${PODS_PODFILE_DIR_PATH}/Podfile.lock\" \"${PODS_ROOT}/Manifest.lock\" > /dev/null\nif [ $? != 0 ] ; then\n    # print error to STDERR\n    echo \"error: The sandbox is not in sync with the Podfile.lock. Run 'pod install' or update your CocoaPods installation.\" >&2\n    exit 1\nfi\n# This output is used by Xcode 'outputs' to avoid re-running this script phase.\necho \"SUCCESS\" > \"${SCRIPT_OUTPUT_FILE_0}\"\n";
			showEnvVarsInLog = 0;
		};
/* End PBXShellScriptBuildPhase section */

/* Begin PBXSourcesBuildPhase section */
		04354DEA2338F4B5007EDE2F /* Sources */ = {
			isa = PBXSourcesBuildPhase;
			buildActionMask = 2147483647;
			files = (
				041ABEAA233A9A7100135F6F /* ViewControllerExtension.swift in Sources */,
				0444FC5F2362D117008D1B8E /* Event.swift in Sources */,
				04685596233C848500E1334A /* EventListViewController.swift in Sources */,
				04354DF62338F4B5007EDE2F /* ViewController.swift in Sources */,
				0435A35C233BF27F00F41B34 /* Enums.swift in Sources */,
				047602C623428EB30002EAA7 /* EventTableViewCell.swift in Sources */,
				0406C73D235ED8F7007C5030 /* ThankuViewController.swift in Sources */,
				04885E38235F89C700335D8F /* ProfileViewController.swift in Sources */,
				04354DF22338F4B5007EDE2F /* AppDelegate.swift in Sources */,
				0406C739235E1E6A007C5030 /* SendMessageViewController.swift in Sources */,
				044329CC236809B500211E01 /* File.swift in Sources */,
				046E1B53234D1B68002FF1BC /* EventDetailViewController.swift in Sources */,
				04354DF42338F4B5007EDE2F /* SceneDelegate.swift in Sources */,
			);
			runOnlyForDeploymentPostprocessing = 0;
		};
/* End PBXSourcesBuildPhase section */

/* Begin PBXVariantGroup section */
		04354DF72338F4B5007EDE2F /* Main.storyboard */ = {
			isa = PBXVariantGroup;
			children = (
				04354DF82338F4B5007EDE2F /* Base */,
			);
			name = Main.storyboard;
			sourceTree = "<group>";
		};
		04354DFC2338F4B8007EDE2F /* LaunchScreen.storyboard */ = {
			isa = PBXVariantGroup;
			children = (
				04354DFD2338F4B8007EDE2F /* Base */,
			);
			name = LaunchScreen.storyboard;
			sourceTree = "<group>";
		};
/* End PBXVariantGroup section */

/* Begin XCBuildConfiguration section */
		04354E002338F4B8007EDE2F /* Debug */ = {
			isa = XCBuildConfiguration;
			buildSettings = {
				ALWAYS_SEARCH_USER_PATHS = NO;
				CLANG_ANALYZER_NONNULL = YES;
				CLANG_ANALYZER_NUMBER_OBJECT_CONVERSION = YES_AGGRESSIVE;
				CLANG_CXX_LANGUAGE_STANDARD = "gnu++14";
				CLANG_CXX_LIBRARY = "libc++";
				CLANG_ENABLE_MODULES = YES;
				CLANG_ENABLE_OBJC_ARC = YES;
				CLANG_ENABLE_OBJC_WEAK = YES;
				CLANG_WARN_BLOCK_CAPTURE_AUTORELEASING = YES;
				CLANG_WARN_BOOL_CONVERSION = YES;
				CLANG_WARN_COMMA = YES;
				CLANG_WARN_CONSTANT_CONVERSION = YES;
				CLANG_WARN_DEPRECATED_OBJC_IMPLEMENTATIONS = YES;
				CLANG_WARN_DIRECT_OBJC_ISA_USAGE = YES_ERROR;
				CLANG_WARN_DOCUMENTATION_COMMENTS = YES;
				CLANG_WARN_EMPTY_BODY = YES;
				CLANG_WARN_ENUM_CONVERSION = YES;
				CLANG_WARN_INFINITE_RECURSION = YES;
				CLANG_WARN_INT_CONVERSION = YES;
				CLANG_WARN_NON_LITERAL_NULL_CONVERSION = YES;
				CLANG_WARN_OBJC_IMPLICIT_RETAIN_SELF = YES;
				CLANG_WARN_OBJC_LITERAL_CONVERSION = YES;
				CLANG_WARN_OBJC_ROOT_CLASS = YES_ERROR;
				CLANG_WARN_RANGE_LOOP_ANALYSIS = YES;
				CLANG_WARN_STRICT_PROTOTYPES = YES;
				CLANG_WARN_SUSPICIOUS_MOVE = YES;
				CLANG_WARN_UNGUARDED_AVAILABILITY = YES_AGGRESSIVE;
				CLANG_WARN_UNREACHABLE_CODE = YES;
				CLANG_WARN__DUPLICATE_METHOD_MATCH = YES;
				COPY_PHASE_STRIP = NO;
				DEBUG_INFORMATION_FORMAT = dwarf;
				ENABLE_STRICT_OBJC_MSGSEND = YES;
				ENABLE_TESTABILITY = YES;
				GCC_C_LANGUAGE_STANDARD = gnu11;
				GCC_DYNAMIC_NO_PIC = NO;
				GCC_NO_COMMON_BLOCKS = YES;
				GCC_OPTIMIZATION_LEVEL = 0;
				GCC_PREPROCESSOR_DEFINITIONS = (
					"DEBUG=1",
					"$(inherited)",
				);
				GCC_WARN_64_TO_32_BIT_CONVERSION = YES;
				GCC_WARN_ABOUT_RETURN_TYPE = YES_ERROR;
				GCC_WARN_UNDECLARED_SELECTOR = YES;
				GCC_WARN_UNINITIALIZED_AUTOS = YES_AGGRESSIVE;
				GCC_WARN_UNUSED_FUNCTION = YES;
				GCC_WARN_UNUSED_VARIABLE = YES;
				IPHONEOS_DEPLOYMENT_TARGET = 13.0;
				MTL_ENABLE_DEBUG_INFO = INCLUDE_SOURCE;
				MTL_FAST_MATH = YES;
				ONLY_ACTIVE_ARCH = YES;
				SDKROOT = iphoneos;
				SWIFT_ACTIVE_COMPILATION_CONDITIONS = DEBUG;
				SWIFT_OPTIMIZATION_LEVEL = "-Onone";
			};
			name = Debug;
		};
		04354E012338F4B8007EDE2F /* Release */ = {
			isa = XCBuildConfiguration;
			buildSettings = {
				ALWAYS_SEARCH_USER_PATHS = NO;
				CLANG_ANALYZER_NONNULL = YES;
				CLANG_ANALYZER_NUMBER_OBJECT_CONVERSION = YES_AGGRESSIVE;
				CLANG_CXX_LANGUAGE_STANDARD = "gnu++14";
				CLANG_CXX_LIBRARY = "libc++";
				CLANG_ENABLE_MODULES = YES;
				CLANG_ENABLE_OBJC_ARC = YES;
				CLANG_ENABLE_OBJC_WEAK = YES;
				CLANG_WARN_BLOCK_CAPTURE_AUTORELEASING = YES;
				CLANG_WARN_BOOL_CONVERSION = YES;
				CLANG_WARN_COMMA = YES;
				CLANG_WARN_CONSTANT_CONVERSION = YES;
				CLANG_WARN_DEPRECATED_OBJC_IMPLEMENTATIONS = YES;
				CLANG_WARN_DIRECT_OBJC_ISA_USAGE = YES_ERROR;
				CLANG_WARN_DOCUMENTATION_COMMENTS = YES;
				CLANG_WARN_EMPTY_BODY = YES;
				CLANG_WARN_ENUM_CONVERSION = YES;
				CLANG_WARN_INFINITE_RECURSION = YES;
				CLANG_WARN_INT_CONVERSION = YES;
				CLANG_WARN_NON_LITERAL_NULL_CONVERSION = YES;
				CLANG_WARN_OBJC_IMPLICIT_RETAIN_SELF = YES;
				CLANG_WARN_OBJC_LITERAL_CONVERSION = YES;
				CLANG_WARN_OBJC_ROOT_CLASS = YES_ERROR;
				CLANG_WARN_RANGE_LOOP_ANALYSIS = YES;
				CLANG_WARN_STRICT_PROTOTYPES = YES;
				CLANG_WARN_SUSPICIOUS_MOVE = YES;
				CLANG_WARN_UNGUARDED_AVAILABILITY = YES_AGGRESSIVE;
				CLANG_WARN_UNREACHABLE_CODE = YES;
				CLANG_WARN__DUPLICATE_METHOD_MATCH = YES;
				COPY_PHASE_STRIP = NO;
				DEBUG_INFORMATION_FORMAT = "dwarf-with-dsym";
				ENABLE_NS_ASSERTIONS = NO;
				ENABLE_STRICT_OBJC_MSGSEND = YES;
				GCC_C_LANGUAGE_STANDARD = gnu11;
				GCC_NO_COMMON_BLOCKS = YES;
				GCC_WARN_64_TO_32_BIT_CONVERSION = YES;
				GCC_WARN_ABOUT_RETURN_TYPE = YES_ERROR;
				GCC_WARN_UNDECLARED_SELECTOR = YES;
				GCC_WARN_UNINITIALIZED_AUTOS = YES_AGGRESSIVE;
				GCC_WARN_UNUSED_FUNCTION = YES;
				GCC_WARN_UNUSED_VARIABLE = YES;
				IPHONEOS_DEPLOYMENT_TARGET = 13.0;
				MTL_ENABLE_DEBUG_INFO = NO;
				MTL_FAST_MATH = YES;
				SDKROOT = iphoneos;
				SWIFT_COMPILATION_MODE = wholemodule;
				SWIFT_OPTIMIZATION_LEVEL = "-O";
				VALIDATE_PRODUCT = YES;
			};
			name = Release;
		};
		04354E032338F4B8007EDE2F /* Debug */ = {
			isa = XCBuildConfiguration;
			baseConfigurationReference = 881AFD61B46EC870518BBDD8 /* Pods-Trainer.debug.xcconfig */;
			buildSettings = {
				ASSETCATALOG_COMPILER_APPICON_NAME = AppIcon;
				CODE_SIGN_ENTITLEMENTS = Trainer/Trainer.entitlements;
				CODE_SIGN_STYLE = Automatic;
				DEVELOPMENT_TEAM = LYBQVME929;
				INFOPLIST_FILE = Trainer/Info.plist;
				LD_RUNPATH_SEARCH_PATHS = (
					"$(inherited)",
					"@executable_path/Frameworks",
				);
				PRODUCT_BUNDLE_IDENTIFIER = bills.trainer.com;
				PRODUCT_NAME = "$(TARGET_NAME)";
				SWIFT_VERSION = 5.0;
				TARGETED_DEVICE_FAMILY = "1,2";
			};
			name = Debug;
		};
		04354E042338F4B8007EDE2F /* Release */ = {
			isa = XCBuildConfiguration;
			baseConfigurationReference = FD7D820E4037147AC6AD775E /* Pods-Trainer.release.xcconfig */;
			buildSettings = {
				ASSETCATALOG_COMPILER_APPICON_NAME = AppIcon;
				CODE_SIGN_ENTITLEMENTS = Trainer/Trainer.entitlements;
				CODE_SIGN_STYLE = Automatic;
				DEVELOPMENT_TEAM = LYBQVME929;
				INFOPLIST_FILE = Trainer/Info.plist;
				LD_RUNPATH_SEARCH_PATHS = (
					"$(inherited)",
					"@executable_path/Frameworks",
				);
				PRODUCT_BUNDLE_IDENTIFIER = bills.trainer.com;
				PRODUCT_NAME = "$(TARGET_NAME)";
				SWIFT_VERSION = 5.0;
				TARGETED_DEVICE_FAMILY = "1,2";
			};
			name = Release;
		};
/* End XCBuildConfiguration section */

/* Begin XCConfigurationList section */
		04354DE92338F4B5007EDE2F /* Build configuration list for PBXProject "Trainer" */ = {
			isa = XCConfigurationList;
			buildConfigurations = (
				04354E002338F4B8007EDE2F /* Debug */,
				04354E012338F4B8007EDE2F /* Release */,
			);
			defaultConfigurationIsVisible = 0;
			defaultConfigurationName = Release;
		};
		04354E022338F4B8007EDE2F /* Build configuration list for PBXNativeTarget "Trainer" */ = {
			isa = XCConfigurationList;
			buildConfigurations = (
				04354E032338F4B8007EDE2F /* Debug */,
				04354E042338F4B8007EDE2F /* Release */,
			);
			defaultConfigurationIsVisible = 0;
			defaultConfigurationName = Release;
		};
/* End XCConfigurationList section */
	};
	rootObject = 04354DE62338F4B5007EDE2F /* Project object */;
}
